Microsoft Visual Studio Solution File, Format Version 12.00
# Visual Studio Version 17
VisualStudioVersion = 17.5.2.0
MinimumVisualStudioVersion = 10.0.40219.1
Project("{FAE04EC0-301F-11D3-BF4B-00C04F79EFBC}") = "Ebay.Automation.Framework", "Ebay.Automation.Framework.csproj", "{645DA65C-9973-752A-9A56-0349BF1A6D31}"
EndProject
Global
	GlobalSection(SolutionConfigurationPlatforms) = preSolution
		Debug|Any CPU = Debug|Any CPU
		Release|Any CPU = Release|Any CPU
	EndGlobalSection
	GlobalSection(ProjectConfigurationPlatforms) = postSolution
		{645DA65C-9973-752A-9A56-0349BF1A6D31}.Debug|Any CPU.ActiveCfg = Debug|Any CPU
		{645DA65C-9973-752A-9A56-0349BF1A6D31}.Debug|Any CPU.Build.0 = Debug|Any CPU
		{645DA65C-9973-752A-9A56-0349BF1A6D31}.Release|Any CPU.ActiveCfg = Release|Any CPU
		{645DA65C-9973-752A-9A56-0349BF1A6D31}.Release|Any CPU.Build.0 = Release|Any CPU
	EndGlobalSection
	GlobalSection(SolutionProperties) = preSolution
		HideSolutionNode = FALSE
	EndGlobalSection
	GlobalSection(ExtensibilityGlobals) = postSolution
		SolutionGuid = {8404BE4E-67A4-48AE-A154-E16D19EA0688}
	EndGlobalSection
EndGlobal
